
Microsoft Visual Studio Solution File, Format Version 12.00
# Visual Studio Version 17
VisualStudioVersion = 17.6.33723.286
MinimumVisualStudioVersion = 10.0.40219.1
Project("{9A19103F-16F7-4668-BE54-9A1E7A4F7556}") = "BigGive", "BigGive\BigGive.csproj", "{71358621-DCBA-4132-BE5C-90E4B9DAF5AA}"
EndProject
Global
	GlobalSection(SolutionConfigurationPlatforms) = preSolution
		Debug|Any CPU = Debug|Any CPU
		Release|Any CPU = Release|Any CPU
	EndGlobalSection
	GlobalSection(ProjectConfigurationPlatforms) = postSolution
		{71358621-DCBA-4132-BE5C-90E4B9DAF5AA}.Debug|Any CPU.ActiveCfg = Debug|Any CPU
		{71358621-DCBA-4132-BE5C-90E4B9DAF5AA}.Debug|Any CPU.Build.0 = Debug|Any CPU
		{71358621-DCBA-4132-BE5C-90E4B9DAF5AA}.Release|Any CPU.ActiveCfg = Release|Any CPU
		{71358621-DCBA-4132-BE5C-90E4B9DAF5AA}.Release|Any CPU.Build.0 = Release|Any CPU
	EndGlobalSection
	GlobalSection(SolutionProperties) = preSolution
		HideSolutionNode = FALSE
	EndGlobalSection
	GlobalSection(ExtensibilityGlobals) = postSolution
		SolutionGuid = {D8B78445-D418-461E-AAC0-14FCE6C69BC9}
	EndGlobalSection
EndGlobal
